
Microsoft Visual Studio Solution File, Format Version 12.00
# Visual Studio Version 16
VisualStudioVersion = 16.0.31112.23
MinimumVisualStudioVersion = 10.0.40219.1
Project("{FAE04EC0-301F-11D3-BF4B-00C04F79EFBC}") = "Libary", "Libary\Libary.csproj", "{719DE692-4E09-455B-B285-9B5630082749}"
EndProject
Global
	GlobalSection(SolutionConfigurationPlatforms) = preSolution
		Debug|Any CPU = Debug|Any CPU
		Release|Any CPU = Release|Any CPU
	EndGlobalSection
	GlobalSection(ProjectConfigurationPlatforms) = postSolution
		{719DE692-4E09-455B-B285-9B5630082749}.Debug|Any CPU.ActiveCfg = Debug|Any CPU
		{719DE692-4E09-455B-B285-9B5630082749}.Debug|Any CPU.Build.0 = Debug|Any CPU
		{719DE692-4E09-455B-B285-9B5630082749}.Release|Any CPU.ActiveCfg = Release|Any CPU
		{719DE692-4E09-455B-B285-9B5630082749}.Release|Any CPU.Build.0 = Release|Any CPU
	EndGlobalSection
	GlobalSection(SolutionProperties) = preSolution
		HideSolutionNode = FALSE
	EndGlobalSection
	GlobalSection(ExtensibilityGlobals) = postSolution
		SolutionGuid = {7BB00E57-25BA-463F-89CF-30CAE894E6A9}
	EndGlobalSection
EndGlobal
